{
  "lockfileVersion": 2,
  "configVersion": 1,
  "workspaces": {
    "": {
      "name": "openchamber-tts-autoplay",
      "dependencies": {
        "@openchamber/sdk": "2.1.0",
      },
    },
  },
  "packages": {
    "@openchamber/sdk": ["@openchamber/sdk@2.1.0", "", { "dependencies": { "zod": "^4.3.6" }, "bin": { "openchamber-guest-bundle": "scripts/bundle-guest.ts" } }, "sha512-jRvdmgMYfNVHlIOJ8NR/gXaJWXMPXRSu7DLNrUTTyCwnh7BoACba7/GObfcE+23ZJbgdqwXoTRDuU8Wt0WWH+g=="],

    "zod": ["zod@4.6.5", "", {}, "sha512-v5l/aFXZQeai4awLbOpSoHecE9UiMrnfx75tEXLjNonXVARxQ5mOeipTjROUchszUNCqnE+hqAMujRsRHsut2Q=="],
  }
}
